// !$*UTF8*$!
{
	archiveVersion = 1;
	classes = {
	};
	objectVersion = 50;
	objects = {

/* Begin PBXBuildFile section */
		10FEAEC52484489B00E38E76 /* AppDelegate.swift in Sources */ = {isa = PBXBuildFile; fileRef = 10FEAEC42484489B00E38E76 /* AppDelegate.swift */; };
		10FEAEC72484489B00E38E76 /* SceneDelegate.swift in Sources */ = {isa = PBXBuildFile; fileRef = 10FEAEC62484489B00E38E76 /* SceneDelegate.swift */; };
		10FEAEC92484489B00E38E76 /* ViewController.swift in Sources */ = {isa = PBXBuildFile; fileRef = 10FEAEC82484489B00E38E76 /* ViewController.swift */; };
		10FEAECC2484489B00E38E76 /* Main.storyboard in Resources */ = {isa = PBXBuildFile; fileRef = 10FEAECA2484489B00E38E76 /* Main.storyboard */; };
		10FEAECE2484489D00E38E76 /* Assets.xcassets in Resources */ = {isa = PBXBuildFile; fileRef = 10FEAECD2484489D00E38E76 /* Assets.xcassets */; };
		10FEAED12484489D00E38E76 /* LaunchScreen.storyboard in Resources */ = {isa = PBXBuildFile; fileRef = 10FEAECF2484489D00E38E76 /* LaunchScreen.storyboard */; };
/* End PBXBuildFile section */

/* Begin PBXFileReference section */
		10FEAEC12484489B00E38E76 /* FavMovies2020_iOSDesign.app */ = {isa = PBXFileReference; explicitFileType = wrapper.application; includeInIndex = 0; path = FavMovies2020_iOSDesign.app; sourceTree = BUILT_PRODUCTS_DIR; };
		10FEAEC42484489B00E38E76 /* AppDelegate.swift */ = {isa = PBXFileReference; lastKnownFileType = sourcecode.swift; path = AppDelegate.swift; sourceTree = "<group>"; };
		10FEAEC62484489B00E38E76 /* SceneDelegate.swift */ = {isa = PBXFileReference; lastKnownFileType = sourcecode.swift; path = SceneDelegate.swift; sourceTree = "<group>"; };
		10FEAEC82484489B00E38E76 /* ViewController.swift */ = {isa = PBXFileReference; lastKnownFileType = sourcecode.swift; path = ViewController.swift; sourceTree = "<group>"; };
		10FEAECB2484489B00E38E76 /* Base */ = {isa = PBXFileReference; lastKnownFileType = file.storyboard; name = Base; path = Base.lproj/Main.storyboard; sourceTree = "<group>"; };
		10FEAECD2484489D00E38E76 /* Assets.xcassets */ = {isa = PBXFileReference; lastKnownFileType = folder.assetcatalog; path = Assets.xcassets; sourceTree = "<group>"; };
		10FEAED02484489D00E38E76 /* Base */ = {isa = PBXFileReference; lastKnownFileType = file.storyboard; name = Base; path = Base.lproj/LaunchScreen.storyboard; sourceTree = "<group>"; };
		10FEAED22484489D00E38E76 /* Info.plist */ = {isa = PBXFileReference; lastKnownFileType = text.plist.xml; path = Info.plist; sourceTree = "<group>"; };
/* End PBXFileReference section */

/* Begin PBXFrameworksBuildPhase section */
		10FEAEBE2484489B00E38E76 /* Frameworks */ = {
			isa = PBXFrameworksBuildPhase;
			buildActionMask = 2147483647;
			files = (
			);
			runOnlyForDeploymentPostprocessing = 0;
		};
/* End PBXFrameworksBuildPhase section */

/* Begin PBXGroup section */
		10FEAEB82484489B00E38E76 = {
			isa = PBXGroup;
			children = (
				10FEAEC32484489B00E38E76 /* FavMovies2020_iOSDesign */,
				10FEAEC22484489B00E38E76 /* Products */,
			);
			sourceTree = "<group>";
		};
		10FEAEC22484489B00E38E76 /* Products */ = {
			isa = PBXGroup;
			children = (
				10FEAEC12484489B00E38E76 /* FavMovies2020_iOSDesign.app */,
			);
			name = Products;
			sourceTree = "<group>";
		};
		10FEAEC32484489B00E38E76 /* FavMovies2020_iOSDesign */ = {
			isa = PBXGroup;
			children = (
				10FEAEC42484489B00E38E76 /* AppDelegate.swift */,
				10FEAEC62484489B00E38E76 /* SceneDelegate.swift */,
				10FEAEC82484489B00E38E76 /* ViewController.swift */,
				10FEAECA2484489B00E38E76 /* Main.storyboard */,
				10FEAECD2484489D00E38E76 /* Assets.xcassets */,
				10FEAECF2484489D00E38E76 /* LaunchScreen.storyboard */,
				10FEAED22484489D00E38E76 /* Info.plist */,
			);
			path = FavMovies2020_iOSDesign;
			sourceTree = "<group>";
		};
/* End PBXGroup section */

/* Begin PBXNativeTarget section */
		10FEAEC02484489B00E38E76 /* FavMovies2020_iOSDesign */ = {
			isa = PBXNativeTarget;
			buildConfigurationList = 10FEAED52484489D00E38E76 /* Build configuration list for PBXNativeTarget "FavMovies2020_iOSDesign" */;
			buildPhases = (
				10FEAEBD2484489B00E38E76 /* Sources */,
				10FEAEBE2484489B00E38E76 /* Frameworks */,
				10FEAEBF2484489B00E38E76 /* Resources */,
			);
			buildRules = (
			);
			dependencies = (
			);
			name = FavMovies2020_iOSDesign;
			productName = FavMovies2020_iOSDesign;
			productReference = 10FEAEC12484489B00E38E76 /* FavMovies2020_iOSDesign.app */;
			productType = "com.apple.product-type.application";
		};
/* End PBXNativeTarget section */

/* Begin PBXProject section */
		10FEAEB92484489B00E38E76 /* Project object */ = {
			isa = PBXProject;
			attributes = {
				LastSwiftUpdateCheck = 1150;
				LastUpgradeCheck = 1150;
				ORGANIZATIONNAME = websavantmedia;
				TargetAttributes = {
					10FEAEC02484489B00E38E76 = {
						CreatedOnToolsVersion = 11.5;
					};
				};
			};
			buildConfigurationList = 10FEAEBC2484489B00E38E76 /* Build configuration list for PBXProject "FavMovies2020_iOSDesign" */;
			compatibilityVersion = "Xcode 9.3";
			developmentRegion = en;
			hasScannedForEncodings = 0;
			knownRegions = (
				en,
				Base,
			);
			mainGroup = 10FEAEB82484489B00E38E76;
			productRefGroup = 10FEAEC22484489B00E38E76 /* Products */;
			projectDirPath = "";
			projectRoot = "";
			targets = (
				10FEAEC02484489B00E38E76 /* FavMovies2020_iOSDesign */,
			);
		};
/* End PBXProject section */

/* Begin PBXResourcesBuildPhase section */
		10FEAEBF2484489B00E38E76 /* Resources */ = {
			isa = PBXResourcesBuildPhase;
			buildActionMask = 2147483647;
			files = (
				10FEAED12484489D00E38E76 /* LaunchScreen.storyboard in Resources */,
				10FEAECE2484489D00E38E76 /* Assets.xcassets in Resources */,
				10FEAECC2484489B00E38E76 /* Main.storyboard in Resources */,
			);
			runOnlyForDeploymentPostprocessing = 0;
		};
/* End PBXResourcesBuildPhase section */

/* Begin PBXSourcesBuildPhase section */
		10FEAEBD2484489B00E38E76 /* Sources */ = {
			isa = PBXSourcesBuildPhase;
			buildActionMask = 2147483647;
			files = (
				10FEAEC92484489B00E38E76 /* ViewController.swift in Sources */,
				10FEAEC52484489B00E38E76 /* AppDelegate.swift in Sources */,
				10FEAEC72484489B00E38E76 /* SceneDelegate.swift in Sources */,
			);
			runOnlyForDeploymentPostprocessing = 0;
		};
/* End PBXSourcesBuildPhase section */

/* Begin PBXVariantGroup section */
		10FEAECA2484489B00E38E76 /* Main.storyboard */ = {
			isa = PBXVariantGroup;
			children = (
				10FEAECB2484489B00E38E76 /* Base */,
			);
			name = Main.storyboard;
			sourceTree = "<group>";
		};
		10FEAECF2484489D00E38E76 /* LaunchScreen.storyboard */ = {
			isa = PBXVariantGroup;
			children = (
				10FEAED02484489D00E38E76 /* Base */,
			);
			name = LaunchScreen.storyboard;
			sourceTree = "<group>";
		};
/* End PBXVariantGroup section */

/* Begin XCBuildConfiguration section */
		10FEAED32484489D00E38E76 /* Debug */ = {
			isa = XCBuildConfiguration;
			buildSettings = {
				ALWAYS_SEARCH_USER_PATHS = NO;
				CLANG_ANALYZER_NONNULL = YES;
				CLANG_ANALYZER_NUMBER_OBJECT_CONVERSION = YES_AGGRESSIVE;
				CLANG_CXX_LANGUAGE_STANDARD = "gnu++14";
				CLANG_CXX_LIBRARY = "libc++";
				CLANG_ENABLE_MODULES = YES;
				CLANG_ENABLE_OBJC_ARC = YES;
				CLANG_ENABLE_OBJC_WEAK = YES;
				CLANG_WARN_BLOCK_CAPTURE_AUTORELEASING = YES;
				CLANG_WARN_BOOL_CONVERSION = YES;
				CLANG_WARN_COMMA = YES;
				CLANG_WARN_CONSTANT_CONVERSION = YES;
				CLANG_WARN_DEPRECATED_OBJC_IMPLEMENTATIONS = YES;
				CLANG_WARN_DIRECT_OBJC_ISA_USAGE = YES_ERROR;
				CLANG_WARN_DOCUMENTATION_COMMENTS = YES;
				CLANG_WARN_EMPTY_BODY = YES;
				CLANG_WARN_ENUM_CONVERSION = YES;
				CLANG_WARN_INFINITE_RECURSION = YES;
				CLANG_WARN_INT_CONVERSION = YES;
				CLANG_WARN_NON_LITERAL_NULL_CONVERSION = YES;
				CLANG_WARN_OBJC_IMPLICIT_RETAIN_SELF = YES;
				CLANG_WARN_OBJC_LITERAL_CONVERSION = YES;
				CLANG_WARN_OBJC_ROOT_CLASS = YES_ERROR;
				CLANG_WARN_RANGE_LOOP_ANALYSIS = YES;
				CLANG_WARN_STRICT_PROTOTYPES = YES;
				CLANG_WARN_SUSPICIOUS_MOVE = YES;
				CLANG_WARN_UNGUARDED_AVAILABILITY = YES_AGGRESSIVE;
				CLANG_WARN_UNREACHABLE_CODE = YES;
				CLANG_WARN__DUPLICATE_METHOD_MATCH = YES;
				COPY_PHASE_STRIP = NO;
				DEBUG_INFORMATION_FORMAT = dwarf;
				ENABLE_STRICT_OBJC_MSGSEND = YES;
				ENABLE_TESTABILITY = YES;
				GCC_C_LANGUAGE_STANDARD = gnu11;
				GCC_DYNAMIC_NO_PIC = NO;
				GCC_NO_COMMON_BLOCKS = YES;
				GCC_OPTIMIZATION_LEVEL = 0;
				GCC_PREPROCESSOR_DEFINITIONS = (
					"DEBUG=1",
					"$(inherited)",
				);
				GCC_WARN_64_TO_32_BIT_CONVERSION = YES;
				GCC_WARN_ABOUT_RETURN_TYPE = YES_ERROR;
				GCC_WARN_UNDECLARED_SELECTOR = YES;
				GCC_WARN_UNINITIALIZED_AUTOS = YES_AGGRESSIVE;
				GCC_WARN_UNUSED_FUNCTION = YES;
				GCC_WARN_UNUSED_VARIABLE = YES;
				IPHONEOS_DEPLOYMENT_TARGET = 13.5;
				MTL_ENABLE_DEBUG_INFO = INCLUDE_SOURCE;
				MTL_FAST_MATH = YES;
				ONLY_ACTIVE_ARCH = YES;
				SDKROOT = iphoneos;
				SWIFT_ACTIVE_COMPILATION_CONDITIONS = DEBUG;
				SWIFT_OPTIMIZATION_LEVEL = "-Onone";
			};
			name = Debug;
		};
		10FEAED42484489D00E38E76 /* Release */ = {
			isa = XCBuildConfiguration;
			buildSettings = {
				ALWAYS_SEARCH_USER_PATHS = NO;
				CLANG_ANALYZER_NONNULL = YES;
				CLANG_ANALYZER_NUMBER_OBJECT_CONVERSION = YES_AGGRESSIVE;
				CLANG_CXX_LANGUAGE_STANDARD = "gnu++14";
				CLANG_CXX_LIBRARY = "libc++";
				CLANG_ENABLE_MODULES = YES;
				CLANG_ENABLE_OBJC_ARC = YES;
				CLANG_ENABLE_OBJC_WEAK = YES;
				CLANG_WARN_BLOCK_CAPTURE_AUTORELEASING = YES;
				CLANG_WARN_BOOL_CONVERSION = YES;
				CLANG_WARN_COMMA = YES;
				CLANG_WARN_CONSTANT_CONVERSION = YES;
				CLANG_WARN_DEPRECATED_OBJC_IMPLEMENTATIONS = YES;
				CLANG_WARN_DIRECT_OBJC_ISA_USAGE = YES_ERROR;
				CLANG_WARN_DOCUMENTATION_COMMENTS = YES;
				CLANG_WARN_EMPTY_BODY = YES;
				CLANG_WARN_ENUM_CONVERSION = YES;
				CLANG_WARN_INFINITE_RECURSION = YES;
				CLANG_WARN_INT_CONVERSION = YES;
				CLANG_WARN_NON_LITERAL_NULL_CONVERSION = YES;
				CLANG_WARN_OBJC_IMPLICIT_RETAIN_SELF = YES;
				CLANG_WARN_OBJC_LITERAL_CONVERSION = YES;
				CLANG_WARN_OBJC_ROOT_CLASS = YES_ERROR;
				CLANG_WARN_RANGE_LOOP_ANALYSIS = YES;
				CLANG_WARN_STRICT_PROTOTYPES = YES;
				CLANG_WARN_SUSPICIOUS_MOVE = YES;
				CLANG_WARN_UNGUARDED_AVAILABILITY = YES_AGGRESSIVE;
				CLANG_WARN_UNREACHABLE_CODE = YES;
				CLANG_WARN__DUPLICATE_METHOD_MATCH = YES;
				COPY_PHASE_STRIP = NO;
				DEBUG_INFORMATION_FORMAT = "dwarf-with-dsym";
				ENABLE_NS_ASSERTIONS = NO;
				ENABLE_STRICT_OBJC_MSGSEND = YES;
				GCC_C_LANGUAGE_STANDARD = gnu11;
				GCC_NO_COMMON_BLOCKS = YES;
				GCC_WARN_64_TO_32_BIT_CONVERSION = YES;
				GCC_WARN_ABOUT_RETURN_TYPE = YES_ERROR;
				GCC_WARN_UNDECLARED_SELECTOR = YES;
				GCC_WARN_UNINITIALIZED_AUTOS = YES_AGGRESSIVE;
				GCC_WARN_UNUSED_FUNCTION = YES;
				GCC_WARN_UNUSED_VARIABLE = YES;
				IPHONEOS_DEPLOYMENT_TARGET = 13.5;
				MTL_ENABLE_DEBUG_INFO = NO;
				MTL_FAST_MATH = YES;
				SDKROOT = iphoneos;
				SWIFT_COMPILATION_MODE = wholemodule;
				SWIFT_OPTIMIZATION_LEVEL = "-O";
				VALIDATE_PRODUCT = YES;
			};
			name = Release;
		};
		10FEAED62484489D00E38E76 /* Debug */ = {
			isa = XCBuildConfiguration;
			buildSettings = {
				ASSETCATALOG_COMPILER_APPICON_NAME = AppIcon;
				CODE_SIGN_STYLE = Automatic;
				DEVELOPMENT_TEAM = SN83872X5M;
				INFOPLIST_FILE = FavMovies2020_iOSDesign/Info.plist;
				LD_RUNPATH_SEARCH_PATHS = (
					"$(inherited)",
					"@executable_path/Frameworks",
				);
				PRODUCT_BUNDLE_IDENTIFIER = "com.websavantmedia.com.FavMovies2020-iOSDesign";
				PRODUCT_NAME = "$(TARGET_NAME)";
				SWIFT_VERSION = 5.0;
				TARGETED_DEVICE_FAMILY = "1,2";
			};
			name = Debug;
		};
		10FEAED72484489D00E38E76 /* Release */ = {
			isa = XCBuildConfiguration;
			buildSettings = {
				ASSETCATALOG_COMPILER_APPICON_NAME = AppIcon;
				CODE_SIGN_STYLE = Automatic;
				DEVELOPMENT_TEAM = SN83872X5M;
				INFOPLIST_FILE = FavMovies2020_iOSDesign/Info.plist;
				LD_RUNPATH_SEARCH_PATHS = (
					"$(inherited)",
					"@executable_path/Frameworks",
				);
				PRODUCT_BUNDLE_IDENTIFIER = "com.websavantmedia.com.FavMovies2020-iOSDesign";
				PRODUCT_NAME = "$(TARGET_NAME)";
				SWIFT_VERSION = 5.0;
				TARGETED_DEVICE_FAMILY = "1,2";
			};
			name = Release;
		};
/* End XCBuildConfiguration section */

/* Begin XCConfigurationList section */
		10FEAEBC2484489B00E38E76 /* Build configuration list for PBXProject "FavMovies2020_iOSDesign" */ = {
			isa = XCConfigurationList;
			buildConfigurations = (
				10FEAED32484489D00E38E76 /* Debug */,
				10FEAED42484489D00E38E76 /* Release */,
			);
			defaultConfigurationIsVisible = 0;
			defaultConfigurationName = Release;
		};
		10FEAED52484489D00E38E76 /* Build configuration list for PBXNativeTarget "FavMovies2020_iOSDesign" */ = {
			isa = XCConfigurationList;
			buildConfigurations = (
				10FEAED62484489D00E38E76 /* Debug */,
				10FEAED72484489D00E38E76 /* Release */,
			);
			defaultConfigurationIsVisible = 0;
			defaultConfigurationName = Release;
		};
/* End XCConfigurationList section */
	};
	rootObject = 10FEAEB92484489B00E38E76 /* Project object */;
}
